{
  "nodes": {
    "codeaster-src": {
      "flake": false,
      "locked": {
        "lastModified": 1728416259,
        "narHash": "sha256-vcfaYAkD8RR0LVFXJKYgZVWOAUnIFEnQjGb9vOp5dxs=",
        "owner": "codeaster",
        "repo": "src",
        "rev": "5c64d6bcdc6eb718f617739f1fb4ce870f239442",
        "type": "gitlab"
      },
      "original": {
        "owner": "codeaster",
        "ref": "17.1.10",
        "repo": "src",
        "type": "gitlab"
      }
    },
    "flake-parts": {
      "inputs": {
        "nixpkgs-lib": "nixpkgs-lib"
      },
      "locked": {
        "lastModified": 1727826117,
        "narHash": "sha256-K5ZLCyfO/Zj9mPFldf3iwS6oZStJcU4tSpiXTMYaaL0=",
        "owner": "hercules-ci",
        "repo": "flake-parts",
        "rev": "3d04084d54bedc3d6b8b736c70ef449225c361b1",
        "type": "github"
      },
      "original": {
        "owner": "hercules-ci",
        "repo": "flake-parts",
        "type": "github"
      }
    },
    "nixpkgs": {
      "locked": {
        "lastModified": 1729992858,
        "narHash": "sha256-KMnRnLDAzTfC4h2SzEjVQnoN7isgSYu36PUHS9ffK+Y=",
        "owner": "qbisi",
        "repo": "nixpkgs",
        "rev": "74e1e1869d4785c101644a6175f37174e152a8d1",
        "type": "github"
      },
      "original": {
        "owner": "qbisi",
        "ref": "mumps_par",
        "repo": "nixpkgs",
        "type": "github"
      }
    },
    "nixpkgs-lib": {
      "locked": {
        "lastModified": 1727825735,
        "narHash": "sha256-0xHYkMkeLVQAMa7gvkddbPqpxph+hDzdu1XdGPJR+Os=",
        "type": "tarball",
        "url": "https://github.com/NixOS/nixpkgs/archive/fb192fec7cc7a4c26d51779e9bab07ce6fa5597a.tar.gz"
      },
      "original": {
        "type": "tarball",
        "url": "https://github.com/NixOS/nixpkgs/archive/fb192fec7cc7a4c26d51779e9bab07ce6fa5597a.tar.gz"
      }
    },
    "root": {
      "inputs": {
        "codeaster-src": "codeaster-src",
        "flake-parts": "flake-parts",
        "nixpkgs": "nixpkgs"
      }
    }
  },
  "root": "root",
  "version": 7
}
